
Microsoft Visual Studio Solution File, Format Version 12.00
# Visual Studio Version 17
VisualStudioVersion = 17.0.31903.59
MinimumVisualStudioVersion = 10.0.40219.1
Project("{FAE04EC0-301F-11D3-BF4B-00C04F79EFBC}") = "Ex-02-01", "Ex-02-01\Ex-02-01.csproj", "{8D5492A3-2E21-4000-B0D3-03702D051241}"
EndProject
Project("{FAE04EC0-301F-11D3-BF4B-00C04F79EFBC}") = "Ex-02-02", "Ex-02-02\Ex-02-02.csproj", "{23863E89-3CAB-4EE9-9704-B0B6DE94FE3B}"
EndProject
Project("{FAE04EC0-301F-11D3-BF4B-00C04F79EFBC}") = "Ex-02-03", "Ex-02-03\Ex-02-03.csproj", "{F32023A0-66AA-411C-866D-9CDC97A51CE4}"
EndProject
Project("{FAE04EC0-301F-11D3-BF4B-00C04F79EFBC}") = "Ex-02-04", "Ex-02-04\Ex-02-04.csproj", "{D7EB74BF-7AE8-490E-A109-F75350E45ECA}"
EndProject
Project("{FAE04EC0-301F-11D3-BF4B-00C04F79EFBC}") = "Ex-02-05", "Ex-02-05\Ex-02-05.csproj", "{D5BF3AF2-394B-4852-A853-1BF77038D9D8}"
EndProject
Project("{FAE04EC0-301F-11D3-BF4B-00C04F79EFBC}") = "Ex-02-06", "Ex-02-06\Ex-02-06.csproj", "{7CC11036-3462-42F7-91D7-E64822944D19}"
EndProject
Project("{FAE04EC0-301F-11D3-BF4B-00C04F79EFBC}") = "Ex-02-07", "Ex-02-07\Ex-02-07.csproj", "{82FD555A-9C5F-475D-BC28-CEC83F13E603}"
EndProject
Global
	GlobalSection(SolutionConfigurationPlatforms) = preSolution
		Debug|Any CPU = Debug|Any CPU
		Release|Any CPU = Release|Any CPU
	EndGlobalSection
	GlobalSection(SolutionProperties) = preSolution
		HideSolutionNode = FALSE
	EndGlobalSection
	GlobalSection(ProjectConfigurationPlatforms) = postSolution
		{7C814279-F6F8-4A3B-8E34-CD65AAA04EF6}.Debug|Any CPU.ActiveCfg = Debug|Any CPU
		{7C814279-F6F8-4A3B-8E34-CD65AAA04EF6}.Debug|Any CPU.Build.0 = Debug|Any CPU
		{7C814279-F6F8-4A3B-8E34-CD65AAA04EF6}.Release|Any CPU.ActiveCfg = Release|Any CPU
		{7C814279-F6F8-4A3B-8E34-CD65AAA04EF6}.Release|Any CPU.Build.0 = Release|Any CPU
		{8D5492A3-2E21-4000-B0D3-03702D051241}.Debug|Any CPU.ActiveCfg = Debug|Any CPU
		{8D5492A3-2E21-4000-B0D3-03702D051241}.Debug|Any CPU.Build.0 = Debug|Any CPU
		{8D5492A3-2E21-4000-B0D3-03702D051241}.Release|Any CPU.ActiveCfg = Release|Any CPU
		{8D5492A3-2E21-4000-B0D3-03702D051241}.Release|Any CPU.Build.0 = Release|Any CPU
		{23863E89-3CAB-4EE9-9704-B0B6DE94FE3B}.Debug|Any CPU.ActiveCfg = Debug|Any CPU
		{23863E89-3CAB-4EE9-9704-B0B6DE94FE3B}.Debug|Any CPU.Build.0 = Debug|Any CPU
		{23863E89-3CAB-4EE9-9704-B0B6DE94FE3B}.Release|Any CPU.ActiveCfg = Release|Any CPU
		{23863E89-3CAB-4EE9-9704-B0B6DE94FE3B}.Release|Any CPU.Build.0 = Release|Any CPU
		{F32023A0-66AA-411C-866D-9CDC97A51CE4}.Debug|Any CPU.ActiveCfg = Debug|Any CPU
		{F32023A0-66AA-411C-866D-9CDC97A51CE4}.Debug|Any CPU.Build.0 = Debug|Any CPU
		{F32023A0-66AA-411C-866D-9CDC97A51CE4}.Release|Any CPU.ActiveCfg = Release|Any CPU
		{F32023A0-66AA-411C-866D-9CDC97A51CE4}.Release|Any CPU.Build.0 = Release|Any CPU
		{D7EB74BF-7AE8-490E-A109-F75350E45ECA}.Debug|Any CPU.ActiveCfg = Debug|Any CPU
		{D7EB74BF-7AE8-490E-A109-F75350E45ECA}.Debug|Any CPU.Build.0 = Debug|Any CPU
		{D7EB74BF-7AE8-490E-A109-F75350E45ECA}.Release|Any CPU.ActiveCfg = Release|Any CPU
		{D7EB74BF-7AE8-490E-A109-F75350E45ECA}.Release|Any CPU.Build.0 = Release|Any CPU
		{D5BF3AF2-394B-4852-A853-1BF77038D9D8}.Debug|Any CPU.ActiveCfg = Debug|Any CPU
		{D5BF3AF2-394B-4852-A853-1BF77038D9D8}.Debug|Any CPU.Build.0 = Debug|Any CPU
		{D5BF3AF2-394B-4852-A853-1BF77038D9D8}.Release|Any CPU.ActiveCfg = Release|Any CPU
		{D5BF3AF2-394B-4852-A853-1BF77038D9D8}.Release|Any CPU.Build.0 = Release|Any CPU
		{7CC11036-3462-42F7-91D7-E64822944D19}.Debug|Any CPU.ActiveCfg = Debug|Any CPU
		{7CC11036-3462-42F7-91D7-E64822944D19}.Debug|Any CPU.Build.0 = Debug|Any CPU
		{7CC11036-3462-42F7-91D7-E64822944D19}.Release|Any CPU.ActiveCfg = Release|Any CPU
		{7CC11036-3462-42F7-91D7-E64822944D19}.Release|Any CPU.Build.0 = Release|Any CPU
		{82FD555A-9C5F-475D-BC28-CEC83F13E603}.Debug|Any CPU.ActiveCfg = Debug|Any CPU
		{82FD555A-9C5F-475D-BC28-CEC83F13E603}.Debug|Any CPU.Build.0 = Debug|Any CPU
		{82FD555A-9C5F-475D-BC28-CEC83F13E603}.Release|Any CPU.ActiveCfg = Release|Any CPU
		{82FD555A-9C5F-475D-BC28-CEC83F13E603}.Release|Any CPU.Build.0 = Release|Any CPU
	EndGlobalSection
EndGlobal
