Microsoft Visual Studio Solution File, Format Version 12.00
# Visual Studio Version 17
VisualStudioVersion = 17.5.2.0
MinimumVisualStudioVersion = 10.0.40219.1
Project("{FAE04EC0-301F-11D3-BF4B-00C04F79EFBC}") = "Ex-02-06", "Ex-02-06.csproj", "{C415E398-4379-0AC5-6890-26E1B5E2F912}"
EndProject
Global
	GlobalSection(SolutionConfigurationPlatforms) = preSolution
		Debug|Any CPU = Debug|Any CPU
		Release|Any CPU = Release|Any CPU
	EndGlobalSection
	GlobalSection(ProjectConfigurationPlatforms) = postSolution
		{C415E398-4379-0AC5-6890-26E1B5E2F912}.Debug|Any CPU.ActiveCfg = Debug|Any CPU
		{C415E398-4379-0AC5-6890-26E1B5E2F912}.Debug|Any CPU.Build.0 = Debug|Any CPU
		{C415E398-4379-0AC5-6890-26E1B5E2F912}.Release|Any CPU.ActiveCfg = Release|Any CPU
		{C415E398-4379-0AC5-6890-26E1B5E2F912}.Release|Any CPU.Build.0 = Release|Any CPU
	EndGlobalSection
	GlobalSection(SolutionProperties) = preSolution
		HideSolutionNode = FALSE
	EndGlobalSection
	GlobalSection(ExtensibilityGlobals) = postSolution
		SolutionGuid = {14F63229-EA2C-4FDB-88B8-3FF1007630F3}
	EndGlobalSection
EndGlobal
