Microsoft Visual Studio Solution File, Format Version 12.00
# Visual Studio Version 17
VisualStudioVersion = 17.5.2.0
MinimumVisualStudioVersion = 10.0.40219.1
Project("{FAE04EC0-301F-11D3-BF4B-00C04F79EFBC}") = "Ex-02-07", "Ex-02-07.csproj", "{3154BA04-298A-94EA-8EC4-6ED99FD285FD}"
EndProject
Global
	GlobalSection(SolutionConfigurationPlatforms) = preSolution
		Debug|Any CPU = Debug|Any CPU
		Release|Any CPU = Release|Any CPU
	EndGlobalSection
	GlobalSection(ProjectConfigurationPlatforms) = postSolution
		{3154BA04-298A-94EA-8EC4-6ED99FD285FD}.Debug|Any CPU.ActiveCfg = Debug|Any CPU
		{3154BA04-298A-94EA-8EC4-6ED99FD285FD}.Debug|Any CPU.Build.0 = Debug|Any CPU
		{3154BA04-298A-94EA-8EC4-6ED99FD285FD}.Release|Any CPU.ActiveCfg = Release|Any CPU
		{3154BA04-298A-94EA-8EC4-6ED99FD285FD}.Release|Any CPU.Build.0 = Release|Any CPU
	EndGlobalSection
	GlobalSection(SolutionProperties) = preSolution
		HideSolutionNode = FALSE
	EndGlobalSection
	GlobalSection(ExtensibilityGlobals) = postSolution
		SolutionGuid = {FB03159F-AC20-4715-93B0-5FEDF66EA06C}
	EndGlobalSection
EndGlobal
